// !$*UTF8*$!
{
	archiveVersion = 1;
	classes = {
	};
	objectVersion = 46;
	objects = {

/* Begin PBXBuildFile section */
		975184031774C24000FC860E /* .gitignore in Resources */ = {isa = PBXBuildFile; fileRef = 975183C21774C24000FC860E /* .gitignore */; };
		975184041774C24000FC860E /* .gitmodules in Resources */ = {isa = PBXBuildFile; fileRef = 975183C31774C24000FC860E /* .gitmodules */; };
		975184051774C24000FC860E /* README.md in Resources */ = {isa = PBXBuildFile; fileRef = 975183C71774C24000FC860E /* README.md */; };
		975184141774C24000FC860E /* VenmoApp-Info.plist in Resources */ = {isa = PBXBuildFile; fileRef = 975183F31774C24000FC860E /* VenmoApp-Info.plist */; };
		9751842D1774C7A600FC860E /* libVenmo.a in Frameworks */ = {isa = PBXBuildFile; fileRef = 9751842C1774C7A600FC860E /* libVenmo.a */; };
		975184361774CAB500FC860E /* KTCVenmoClient.m in Sources */ = {isa = PBXBuildFile; fileRef = 975184351774CAB500FC860E /* KTCVenmoClient.m */; };
		97B506CD177E18C000C94096 /* Parse.framework in Frameworks */ = {isa = PBXBuildFile; fileRef = 97B506CC177E18C000C94096 /* Parse.framework */; };
		97B506D2177E18DB00C94096 /* AudioToolbox.framework in Frameworks */ = {isa = PBXBuildFile; fileRef = 97B506D1177E18DB00C94096 /* AudioToolbox.framework */; };
		97B506D4177E18E100C94096 /* CFNetwork.framework in Frameworks */ = {isa = PBXBuildFile; fileRef = 97B506D3177E18E100C94096 /* CFNetwork.framework */; };
		97B506D6177E18EF00C94096 /* CoreLocation.framework in Frameworks */ = {isa = PBXBuildFile; fileRef = 97B506D5177E18EF00C94096 /* CoreLocation.framework */; };
		97B506D8177E18F700C94096 /* libz.1.1.3.dylib in Frameworks */ = {isa = PBXBuildFile; fileRef = 97B506D7177E18F700C94096 /* libz.1.1.3.dylib */; };
		97B506DA177E18FE00C94096 /* MobileCoreServices.framework in Frameworks */ = {isa = PBXBuildFile; fileRef = 97B506D9177E18FE00C94096 /* MobileCoreServices.framework */; };
		97B506DC177E191700C94096 /* StoreKit.framework in Frameworks */ = {isa = PBXBuildFile; fileRef = 97B506DB177E191700C94096 /* StoreKit.framework */; };
		97B506DE177E191E00C94096 /* SystemConfiguration.framework in Frameworks */ = {isa = PBXBuildFile; fileRef = 97B506DD177E191E00C94096 /* SystemConfiguration.framework */; };
		97B506E0177E19B700C94096 /* libsqlite3.0.dylib in Frameworks */ = {isa = PBXBuildFile; fileRef = 97B506DF177E19B700C94096 /* libsqlite3.0.dylib */; };
		97B506E6177E1A7D00C94096 /* CoreGraphics.framework in Frameworks */ = {isa = PBXBuildFile; fileRef = 97D0B198176B7A1B00B89CD6 /* CoreGraphics.framework */; };
		97B506EA177E1C5B00C94096 /* FacebookSDK.framework in Frameworks */ = {isa = PBXBuildFile; fileRef = 97B506E9177E1C5B00C94096 /* FacebookSDK.framework */; };
		97B506EC177E1C8400C94096 /* FacebookSDKResources.bundle in Resources */ = {isa = PBXBuildFile; fileRef = 97B506EB177E1C8400C94096 /* FacebookSDKResources.bundle */; };
		97B506EE177E1CB300C94096 /* AdSupport.framework in Frameworks */ = {isa = PBXBuildFile; fileRef = 97B506ED177E1CB300C94096 /* AdSupport.framework */; };
		97B506F0177E1CC400C94096 /* Social.framework in Frameworks */ = {isa = PBXBuildFile; fileRef = 97B506EF177E1CC400C94096 /* Social.framework */; };
		97B506F2177E1F0400C94096 /* Accounts.framework in Frameworks */ = {isa = PBXBuildFile; fileRef = 97B506F1177E1F0400C94096 /* Accounts.framework */; };
		97D0B195176B7A1B00B89CD6 /* UIKit.framework in Frameworks */ = {isa = PBXBuildFile; fileRef = 97D0B194176B7A1B00B89CD6 /* UIKit.framework */; };
		97D0B197176B7A1B00B89CD6 /* Foundation.framework in Frameworks */ = {isa = PBXBuildFile; fileRef = 97D0B196176B7A1B00B89CD6 /* Foundation.framework */; };
		97D0B19F176B7A1B00B89CD6 /* InfoPlist.strings in Resources */ = {isa = PBXBuildFile; fileRef = 97D0B19D176B7A1B00B89CD6 /* InfoPlist.strings */; };
		97D0B1A1176B7A1B00B89CD6 /* main.m in Sources */ = {isa = PBXBuildFile; fileRef = 97D0B1A0176B7A1B00B89CD6 /* main.m */; };
		97D0B1A5176B7A1B00B89CD6 /* AppDelegate.m in Sources */ = {isa = PBXBuildFile; fileRef = 97D0B1A4176B7A1B00B89CD6 /* AppDelegate.m */; };
		97D0B1A7176B7A1B00B89CD6 /* Default.png in Resources */ = {isa = PBXBuildFile; fileRef = 97D0B1A6176B7A1B00B89CD6 /* Default.png */; };
		97D0B1A9176B7A1B00B89CD6 /* Default@2x.png in Resources */ = {isa = PBXBuildFile; fileRef = 97D0B1A8176B7A1B00B89CD6 /* Default@2x.png */; };
		97D0B1AB176B7A1B00B89CD6 /* Default-568h@2x.png in Resources */ = {isa = PBXBuildFile; fileRef = 97D0B1AA176B7A1B00B89CD6 /* Default-568h@2x.png */; };
		97D0B1AE176B7A1B00B89CD6 /* MainStoryboard.storyboard in Resources */ = {isa = PBXBuildFile; fileRef = 97D0B1AC176B7A1B00B89CD6 /* MainStoryboard.storyboard */; };
		97D0B1B1176B7A1B00B89CD6 /* TutorialViewController.m in Sources */ = {isa = PBXBuildFile; fileRef = 97D0B1B0176B7A1B00B89CD6 /* TutorialViewController.m */; };
		97D0B1B9176B7A1B00B89CD6 /* SenTestingKit.framework in Frameworks */ = {isa = PBXBuildFile; fileRef = 97D0B1B8176B7A1B00B89CD6 /* SenTestingKit.framework */; };
		97D0B1BA176B7A1B00B89CD6 /* UIKit.framework in Frameworks */ = {isa = PBXBuildFile; fileRef = 97D0B194176B7A1B00B89CD6 /* UIKit.framework */; };
		97D0B1BB176B7A1B00B89CD6 /* Foundation.framework in Frameworks */ = {isa = PBXBuildFile; fileRef = 97D0B196176B7A1B00B89CD6 /* Foundation.framework */; };
		97D0B1C3176B7A1B00B89CD6 /* InfoPlist.strings in Resources */ = {isa = PBXBuildFile; fileRef = 97D0B1C1176B7A1B00B89CD6 /* InfoPlist.strings */; };
		97D0B1C6176B7A1B00B89CD6 /* KTCVenmoTests.m in Sources */ = {isa = PBXBuildFile; fileRef = 97D0B1C5176B7A1B00B89CD6 /* KTCVenmoTests.m */; };
		97D0B1D4176B7E7900B89CD6 /* MainViewController.m in Sources */ = {isa = PBXBuildFile; fileRef = 97D0B1D3176B7E7900B89CD6 /* MainViewController.m */; };
		97D0B1D7176B7FB100B89CD6 /* EnterNumberViewController.m in Sources */ = {isa = PBXBuildFile; fileRef = 97D0B1D6176B7FB100B89CD6 /* EnterNumberViewController.m */; };
		97D0B1DC176B8EF500B89CD6 /* QuartzCore.framework in Frameworks */ = {isa = PBXBuildFile; fileRef = 97D0B1DB176B8EF500B89CD6 /* QuartzCore.framework */; };
		97D0B1E4176B8F7900B89CD6 /* IISideController.m in Sources */ = {isa = PBXBuildFile; fileRef = 97D0B1DF176B8F7900B89CD6 /* IISideController.m */; };
		97D0B1E5176B8F7900B89CD6 /* IIViewDeckController.m in Sources */ = {isa = PBXBuildFile; fileRef = 97D0B1E1176B8F7900B89CD6 /* IIViewDeckController.m */; };
		97D0B1E6176B8F7900B89CD6 /* IIWrapController.m in Sources */ = {isa = PBXBuildFile; fileRef = 97D0B1E3176B8F7900B89CD6 /* IIWrapController.m */; };
		97D0B1E9176B9E5500B89CD6 /* SettingsViewController.m in Sources */ = {isa = PBXBuildFile; fileRef = 97D0B1E8176B9E5500B89CD6 /* SettingsViewController.m */; };
		97D0B1EB176BBF9400B89CD6 /* Security.framework in Frameworks */ = {isa = PBXBuildFile; fileRef = 97D0B1EA176BBF9400B89CD6 /* Security.framework */; };
/* End PBXBuildFile section */

/* Begin PBXContainerItemProxy section */
		97B506B1177BA03500C94096 /* PBXContainerItemProxy */ = {
			isa = PBXContainerItemProxy;
			containerPortal = 975183EA1774C24000FC860E /* Venmo.xcodeproj */;
			proxyType = 2;
			remoteGlobalIDString = C9BD6C6A13EEE06400F4D8F4;
			remoteInfo = Venmo;
		};
		97B506B3177BA03500C94096 /* PBXContainerItemProxy */ = {
			isa = PBXContainerItemProxy;
			containerPortal = 975183EA1774C24000FC860E /* Venmo.xcodeproj */;
			proxyType = 2;
			remoteGlobalIDString = C9550E7613F5C48900212008;
			remoteInfo = VenmoApp;
		};
		97B506B5177BA03500C94096 /* PBXContainerItemProxy */ = {
			isa = PBXContainerItemProxy;
			containerPortal = 975183EA1774C24000FC860E /* Venmo.xcodeproj */;
			proxyType = 2;
			remoteGlobalIDString = C9BD6C7A13EEE06400F4D8F4;
			remoteInfo = VenmoSpecs;
		};
		97D0B1BC176B7A1B00B89CD6 /* PBXContainerItemProxy */ = {
			isa = PBXContainerItemProxy;
			containerPortal = 97D0B189176B7A1B00B89CD6 /* Project object */;
			proxyType = 1;
			remoteGlobalIDString = 97D0B190176B7A1B00B89CD6;
			remoteInfo = KTCVenmo;
		};
/* End PBXContainerItemProxy section */

/* Begin PBXFileReference section */
		975183C21774C24000FC860E /* .gitignore */ = {isa = PBXFileReference; fileEncoding = 4; lastKnownFileType = text; path = .gitignore; sourceTree = "<group>"; };
		975183C31774C24000FC860E /* .gitmodules */ = {isa = PBXFileReference; fileEncoding = 4; lastKnownFileType = text; path = .gitmodules; sourceTree = "<group>"; };
		975183C71774C24000FC860E /* README.md */ = {isa = PBXFileReference; fileEncoding = 4; lastKnownFileType = text; path = README.md; sourceTree = "<group>"; };
		975183CA1774C24000FC860E /* NSBundle+Venmo.h */ = {isa = PBXFileReference; fileEncoding = 4; lastKnownFileType = sourcecode.c.h; path = "NSBundle+Venmo.h"; sourceTree = "<group>"; };
		975183CB1774C24000FC860E /* NSBundle+Venmo.m */ = {isa = PBXFileReference; fileEncoding = 4; lastKnownFileType = sourcecode.c.objc; path = "NSBundle+Venmo.m"; sourceTree = "<group>"; };
		975183CC1774C24000FC860E /* NSDictionary+Venmo.h */ = {isa = PBXFileReference; fileEncoding = 4; lastKnownFileType = sourcecode.c.h; path = "NSDictionary+Venmo.h"; sourceTree = "<group>"; };
		975183CD1774C24000FC860E /* NSDictionary+Venmo.m */ = {isa = PBXFileReference; fileEncoding = 4; lastKnownFileType = sourcecode.c.objc; path = "NSDictionary+Venmo.m"; sourceTree = "<group>"; };
		975183CE1774C24000FC860E /* NSError+Venmo.h */ = {isa = PBXFileReference; fileEncoding = 4; lastKnownFileType = sourcecode.c.h; path = "NSError+Venmo.h"; sourceTree = "<group>"; };
		975183CF1774C24000FC860E /* NSError+Venmo.m */ = {isa = PBXFileReference; fileEncoding = 4; lastKnownFileType = sourcecode.c.objc; path = "NSError+Venmo.m"; sourceTree = "<group>"; };
		975183D01774C24000FC860E /* NSString+Venmo.h */ = {isa = PBXFileReference; fileEncoding = 4; lastKnownFileType = sourcecode.c.h; path = "NSString+Venmo.h"; sourceTree = "<group>"; };
		975183D11774C24000FC860E /* NSString+Venmo.m */ = {isa = PBXFileReference; fileEncoding = 4; lastKnownFileType = sourcecode.c.objc; path = "NSString+Venmo.m"; sourceTree = "<group>"; };
		975183D21774C24000FC860E /* NSURL+Venmo.h */ = {isa = PBXFileReference; fileEncoding = 4; lastKnownFileType = sourcecode.c.h; path = "NSURL+Venmo.h"; sourceTree = "<group>"; };
		975183D31774C24000FC860E /* NSURL+Venmo.m */ = {isa = PBXFileReference; fileEncoding = 4; lastKnownFileType = sourcecode.c.objc; path = "NSURL+Venmo.m"; sourceTree = "<group>"; };
		975183D41774C24000FC860E /* VenmoActivityView.m */ = {isa = PBXFileReference; fileEncoding = 4; lastKnownFileType = sourcecode.c.objc; path = VenmoActivityView.m; sourceTree = "<group>"; };
		975183D51774C24000FC860E /* VenmoActivityView_Internal.h */ = {isa = PBXFileReference; fileEncoding = 4; lastKnownFileType = sourcecode.c.h; path = VenmoActivityView_Internal.h; sourceTree = "<group>"; };
		975183D61774C24000FC860E /* VenmoBase64.m */ = {isa = PBXFileReference; fileEncoding = 4; lastKnownFileType = sourcecode.c.objc; path = VenmoBase64.m; sourceTree = "<group>"; };
		975183D71774C24000FC860E /* VenmoBase64_Internal.h */ = {isa = PBXFileReference; fileEncoding = 4; lastKnownFileType = sourcecode.c.h; path = VenmoBase64_Internal.h; sourceTree = "<group>"; };
		975183D81774C24000FC860E /* VenmoClient_Internal.h */ = {isa = PBXFileReference; fileEncoding = 4; lastKnownFileType = sourcecode.c.h; path = VenmoClient_Internal.h; sourceTree = "<group>"; };
		975183D91774C24000FC860E /* VenmoClient_Private.h */ = {isa = PBXFileReference; fileEncoding = 4; lastKnownFileType = sourcecode.c.h; path = VenmoClient_Private.h; sourceTree = "<group>"; };
		975183DA1774C24000FC860E /* VenmoDefines_Internal.h */ = {isa = PBXFileReference; fileEncoding = 4; lastKnownFileType = sourcecode.c.h; path = VenmoDefines_Internal.h; sourceTree = "<group>"; };
		975183DB1774C24000FC860E /* VenmoHMAC_SHA256.m */ = {isa = PBXFileReference; fileEncoding = 4; lastKnownFileType = sourcecode.c.objc; path = VenmoHMAC_SHA256.m; sourceTree = "<group>"; };
		975183DC1774C24000FC860E /* VenmoHMAC_SHA256_Internal.h */ = {isa = PBXFileReference; fileEncoding = 4; lastKnownFileType = sourcecode.c.h; path = VenmoHMAC_SHA256_Internal.h; sourceTree = "<group>"; };
		975183DD1774C24000FC860E /* VenmoTransaction_Internal.h */ = {isa = PBXFileReference; fileEncoding = 4; lastKnownFileType = sourcecode.c.h; path = VenmoTransaction_Internal.h; sourceTree = "<group>"; };
		975183DE1774C24000FC860E /* VenmoViewController_Internal.h */ = {isa = PBXFileReference; fileEncoding = 4; lastKnownFileType = sourcecode.c.h; path = VenmoViewController_Internal.h; sourceTree = "<group>"; };
		975183E01774C24000FC860E /* Venmo-Prefix.pch */ = {isa = PBXFileReference; fileEncoding = 4; lastKnownFileType = sourcecode.c.h; path = "Venmo-Prefix.pch"; sourceTree = "<group>"; };
		975183E11774C24000FC860E /* Venmo.h */ = {isa = PBXFileReference; fileEncoding = 4; lastKnownFileType = sourcecode.c.h; path = Venmo.h; sourceTree = "<group>"; };
		975183E21774C24000FC860E /* VenmoClient.h */ = {isa = PBXFileReference; fileEncoding = 4; lastKnownFileType = sourcecode.c.h; path = VenmoClient.h; sourceTree = "<group>"; };
		975183E31774C24000FC860E /* VenmoClient.m */ = {isa = PBXFileReference; fileEncoding = 4; lastKnownFileType = sourcecode.c.objc; path = VenmoClient.m; sourceTree = "<group>"; xcLanguageSpecificationIdentifier = xcode.lang.objc; };
		975183E41774C24000FC860E /* VenmoErrors.h */ = {isa = PBXFileReference; fileEncoding = 4; lastKnownFileType = sourcecode.c.h; path = VenmoErrors.h; sourceTree = "<group>"; };
		975183E51774C24000FC860E /* VenmoErrors.m */ = {isa = PBXFileReference; fileEncoding = 4; lastKnownFileType = sourcecode.c.objc; path = VenmoErrors.m; sourceTree = "<group>"; };
		975183E61774C24000FC860E /* VenmoTransaction.h */ = {isa = PBXFileReference; fileEncoding = 4; lastKnownFileType = sourcecode.c.h; path = VenmoTransaction.h; sourceTree = "<group>"; };
		975183E71774C24000FC860E /* VenmoTransaction.m */ = {isa = PBXFileReference; fileEncoding = 4; lastKnownFileType = sourcecode.c.objc; path = VenmoTransaction.m; sourceTree = "<group>"; };
		975183E81774C24000FC860E /* VenmoViewController.h */ = {isa = PBXFileReference; fileEncoding = 4; lastKnownFileType = sourcecode.c.h; path = VenmoViewController.h; sourceTree = "<group>"; };
		975183E91774C24000FC860E /* VenmoViewController.m */ = {isa = PBXFileReference; fileEncoding = 4; lastKnownFileType = sourcecode.c.objc; path = VenmoViewController.m; sourceTree = "<group>"; };
		975183EA1774C24000FC860E /* Venmo.xcodeproj */ = {isa = PBXFileReference; lastKnownFileType = "wrapper.pb-project"; name = Venmo.xcodeproj; path = Venmo/Venmo.xcodeproj; sourceTree = "<group>"; };
		975183EF1774C24000FC860E /* AppDelegate.h */ = {isa = PBXFileReference; fileEncoding = 4; lastKnownFileType = sourcecode.c.h; path = AppDelegate.h; sourceTree = "<group>"; };
		975183F01774C24000FC860E /* AppDelegate.m */ = {isa = PBXFileReference; fileEncoding = 4; lastKnownFileType = sourcecode.c.objc; path = AppDelegate.m; sourceTree = "<group>"; };
		975183F21774C24000FC860E /* main.m */ = {isa = PBXFileReference; fileEncoding = 4; lastKnownFileType = sourcecode.c.objc; path = main.m; sourceTree = "<group>"; };
		975183F31774C24000FC860E /* VenmoApp-Info.plist */ = {isa = PBXFileReference; fileEncoding = 4; lastKnownFileType = text.plist.xml; path = "VenmoApp-Info.plist"; sourceTree = "<group>"; };
		975183F41774C24000FC860E /* VenmoApp-Prefix.pch */ = {isa = PBXFileReference; fileEncoding = 4; lastKnownFileType = sourcecode.c.h; path = "VenmoApp-Prefix.pch"; sourceTree = "<group>"; };
		975183F51774C24000FC860E /* WelcomeViewController.h */ = {isa = PBXFileReference; fileEncoding = 4; lastKnownFileType = sourcecode.c.h; path = WelcomeViewController.h; sourceTree = "<group>"; };
		975183F61774C24000FC860E /* WelcomeViewController.m */ = {isa = PBXFileReference; fileEncoding = 4; lastKnownFileType = sourcecode.c.objc; path = WelcomeViewController.m; sourceTree = "<group>"; };
		975183F81774C24000FC860E /* NSDictionarySpecs.m */ = {isa = PBXFileReference; fileEncoding = 4; lastKnownFileType = sourcecode.c.objc; path = NSDictionarySpecs.m; sourceTree = "<group>"; };
		975183F91774C24000FC860E /* NSStringSpecs.m */ = {isa = PBXFileReference; fileEncoding = 4; lastKnownFileType = sourcecode.c.objc; path = NSStringSpecs.m; sourceTree = "<group>"; };
		975183FB1774C24000FC860E /* NSInvocation+SpecMethodPrefix.m */ = {isa = PBXFileReference; fileEncoding = 4; lastKnownFileType = sourcecode.c.objc; path = "NSInvocation+SpecMethodPrefix.m"; sourceTree = "<group>"; };
		975183FC1774C24000FC860E /* VenmoSpecs-Prefix.pch */ = {isa = PBXFileReference; fileEncoding = 4; lastKnownFileType = sourcecode.c.h; path = "VenmoSpecs-Prefix.pch"; sourceTree = "<group>"; };
		975183FD1774C24000FC860E /* VenmoSpecs.h */ = {isa = PBXFileReference; fileEncoding = 4; lastKnownFileType = sourcecode.c.h; path = VenmoSpecs.h; sourceTree = "<group>"; };
		975183FE1774C24000FC860E /* VenmoSpecsSpecs.m */ = {isa = PBXFileReference; fileEncoding = 4; lastKnownFileType = sourcecode.c.objc; path = VenmoSpecsSpecs.m; sourceTree = "<group>"; };
		975183FF1774C24000FC860E /* VenmoBase64Specs.m */ = {isa = PBXFileReference; fileEncoding = 4; lastKnownFileType = sourcecode.c.objc; path = VenmoBase64Specs.m; sourceTree = "<group>"; };
		975184001774C24000FC860E /* VenmoClientSpecs.m */ = {isa = PBXFileReference; fileEncoding = 4; lastKnownFileType = sourcecode.c.objc; path = VenmoClientSpecs.m; sourceTree = "<group>"; };
		975184011774C24000FC860E /* VenmoTransactionSpecs.m */ = {isa = PBXFileReference; fileEncoding = 4; lastKnownFileType = sourcecode.c.objc; path = VenmoTransactionSpecs.m; sourceTree = "<group>"; };
		975184021774C24000FC860E /* VenmoViewControllerSpecs.m */ = {isa = PBXFileReference; fileEncoding = 4; lastKnownFileType = sourcecode.c.objc; path = VenmoViewControllerSpecs.m; sourceTree = "<group>"; };
		9751842C1774C7A600FC860E /* libVenmo.a */ = {isa = PBXFileReference; lastKnownFileType = archive.ar; name = libVenmo.a; path = "../../Library/Developer/Xcode/DerivedData/KTCVenmo-djhvdnlqlwmckueqlmilcczdgqel/Build/Products/Debug-iphoneos/libVenmo.a"; sourceTree = "<group>"; };
		975184341774CAB500FC860E /* KTCVenmoClient.h */ = {isa = PBXFileReference; fileEncoding = 4; lastKnownFileType = sourcecode.c.h; path = KTCVenmoClient.h; sourceTree = "<group>"; };
		975184351774CAB500FC860E /* KTCVenmoClient.m */ = {isa = PBXFileReference; fileEncoding = 4; lastKnownFileType = sourcecode.c.objc; path = KTCVenmoClient.m; sourceTree = "<group>"; };
		97B506CC177E18C000C94096 /* Parse.framework */ = {isa = PBXFileReference; lastKnownFileType = wrapper.framework; path = Parse.framework; sourceTree = "<group>"; };
		97B506D1177E18DB00C94096 /* AudioToolbox.framework */ = {isa = PBXFileReference; lastKnownFileType = wrapper.framework; name = AudioToolbox.framework; path = System/Library/Frameworks/AudioToolbox.framework; sourceTree = SDKROOT; };
		97B506D3177E18E100C94096 /* CFNetwork.framework */ = {isa = PBXFileReference; lastKnownFileType = wrapper.framework; name = CFNetwork.framework; path = System/Library/Frameworks/CFNetwork.framework; sourceTree = SDKROOT; };
		97B506D5177E18EF00C94096 /* CoreLocation.framework */ = {isa = PBXFileReference; lastKnownFileType = wrapper.framework; name = CoreLocation.framework; path = System/Library/Frameworks/CoreLocation.framework; sourceTree = SDKROOT; };
		97B506D7177E18F700C94096 /* libz.1.1.3.dylib */ = {isa = PBXFileReference; lastKnownFileType = "compiled.mach-o.dylib"; name = libz.1.1.3.dylib; path = usr/lib/libz.1.1.3.dylib; sourceTree = SDKROOT; };
		97B506D9177E18FE00C94096 /* MobileCoreServices.framework */ = {isa = PBXFileReference; lastKnownFileType = wrapper.framework; name = MobileCoreServices.framework; path = System/Library/Frameworks/MobileCoreServices.framework; sourceTree = SDKROOT; };
		97B506DB177E191700C94096 /* StoreKit.framework */ = {isa = PBXFileReference; lastKnownFileType = wrapper.framework; name = StoreKit.framework; path = System/Library/Frameworks/StoreKit.framework; sourceTree = SDKROOT; };
		97B506DD177E191E00C94096 /* SystemConfiguration.framework */ = {isa = PBXFileReference; lastKnownFileType = wrapper.framework; name = SystemConfiguration.framework; path = System/Library/Frameworks/SystemConfiguration.framework; sourceTree = SDKROOT; };
		97B506DF177E19B700C94096 /* libsqlite3.0.dylib */ = {isa = PBXFileReference; lastKnownFileType = "compiled.mach-o.dylib"; name = libsqlite3.0.dylib; path = usr/lib/libsqlite3.0.dylib; sourceTree = SDKROOT; };
		97B506E7177E1C1900C94096 /* facebook-ios-sdk-3.5.3.pkg */ = {isa = PBXFileReference; lastKnownFileType = file; name = "facebook-ios-sdk-3.5.3.pkg"; path = "../../Downloads/facebook-ios-sdk-3.5.3.pkg"; sourceTree = "<group>"; };
		97B506E9177E1C5B00C94096 /* FacebookSDK.framework */ = {isa = PBXFileReference; lastKnownFileType = wrapper.framework; name = FacebookSDK.framework; path = ../FacebookSDK/FacebookSDK.framework; sourceTree = "<group>"; };
		97B506EB177E1C8400C94096 /* FacebookSDKResources.bundle */ = {isa = PBXFileReference; lastKnownFileType = "wrapper.plug-in"; name = FacebookSDKResources.bundle; path = ../FacebookSDK/FacebookSDK.framework/Versions/A/Resources/FacebookSDKResources.bundle; sourceTree = "<group>"; };
		97B506ED177E1CB300C94096 /* AdSupport.framework */ = {isa = PBXFileReference; lastKnownFileType = wrapper.framework; name = AdSupport.framework; path = System/Library/Frameworks/AdSupport.framework; sourceTree = SDKROOT; };
		97B506EF177E1CC400C94096 /* Social.framework */ = {isa = PBXFileReference; lastKnownFileType = wrapper.framework; name = Social.framework; path = System/Library/Frameworks/Social.framework; sourceTree = SDKROOT; };
		97B506F1177E1F0400C94096 /* Accounts.framework */ = {isa = PBXFileReference; lastKnownFileType = wrapper.framework; name = Accounts.framework; path = System/Library/Frameworks/Accounts.framework; sourceTree = SDKROOT; };
		97D0B191176B7A1B00B89CD6 /* KTCVenmo.app */ = {isa = PBXFileReference; explicitFileType = wrapper.application; includeInIndex = 0; path = KTCVenmo.app; sourceTree = BUILT_PRODUCTS_DIR; };
		97D0B194176B7A1B00B89CD6 /* UIKit.framework */ = {isa = PBXFileReference; lastKnownFileType = wrapper.framework; name = UIKit.framework; path = System/Library/Frameworks/UIKit.framework; sourceTree = SDKROOT; };
		97D0B196176B7A1B00B89CD6 /* Foundation.framework */ = {isa = PBXFileReference; lastKnownFileType = wrapper.framework; name = Foundation.framework; path = System/Library/Frameworks/Foundation.framework; sourceTree = SDKROOT; };
		97D0B198176B7A1B00B89CD6 /* CoreGraphics.framework */ = {isa = PBXFileReference; lastKnownFileType = wrapper.framework; name = CoreGraphics.framework; path = System/Library/Frameworks/CoreGraphics.framework; sourceTree = SDKROOT; };
		97D0B19C176B7A1B00B89CD6 /* KTCVenmo-Info.plist */ = {isa = PBXFileReference; lastKnownFileType = text.plist.xml; path = "KTCVenmo-Info.plist"; sourceTree = "<group>"; };
		97D0B19E176B7A1B00B89CD6 /* en */ = {isa = PBXFileReference; lastKnownFileType = text.plist.strings; name = en; path = en.lproj/InfoPlist.strings; sourceTree = "<group>"; };
		97D0B1A0176B7A1B00B89CD6 /* main.m */ = {isa = PBXFileReference; lastKnownFileType = sourcecode.c.objc; path = main.m; sourceTree = "<group>"; };
		97D0B1A2176B7A1B00B89CD6 /* KTCVenmo-Prefix.pch */ = {isa = PBXFileReference; lastKnownFileType = sourcecode.c.h; path = "KTCVenmo-Prefix.pch"; sourceTree = "<group>"; };
		97D0B1A3176B7A1B00B89CD6 /* AppDelegate.h */ = {isa = PBXFileReference; lastKnownFileType = sourcecode.c.h; path = AppDelegate.h; sourceTree = "<group>"; };
		97D0B1A4176B7A1B00B89CD6 /* AppDelegate.m */ = {isa = PBXFileReference; lastKnownFileType = sourcecode.c.objc; path = AppDelegate.m; sourceTree = "<group>"; };
		97D0B1A6176B7A1B00B89CD6 /* Default.png */ = {isa = PBXFileReference; lastKnownFileType = image.png; path = Default.png; sourceTree = "<group>"; };
		97D0B1A8176B7A1B00B89CD6 /* Default@2x.png */ = {isa = PBXFileReference; lastKnownFileType = image.png; path = "Default@2x.png"; sourceTree = "<group>"; };
		97D0B1AA176B7A1B00B89CD6 /* Default-568h@2x.png */ = {isa = PBXFileReference; lastKnownFileType = image.png; path = "Default-568h@2x.png"; sourceTree = "<group>"; };
		97D0B1AD176B7A1B00B89CD6 /* en */ = {isa = PBXFileReference; lastKnownFileType = file.storyboard; name = en; path = en.lproj/MainStoryboard.storyboard; sourceTree = "<group>"; };
		97D0B1AF176B7A1B00B89CD6 /* TutorialViewController.h */ = {isa = PBXFileReference; lastKnownFileType = sourcecode.c.h; path = TutorialViewController.h; sourceTree = "<group>"; };
		97D0B1B0176B7A1B00B89CD6 /* TutorialViewController.m */ = {isa = PBXFileReference; lastKnownFileType = sourcecode.c.objc; path = TutorialViewController.m; sourceTree = "<group>"; };
		97D0B1B7176B7A1B00B89CD6 /* KTCVenmoTests.octest */ = {isa = PBXFileReference; explicitFileType = wrapper.cfbundle; includeInIndex = 0; path = KTCVenmoTests.octest; sourceTree = BUILT_PRODUCTS_DIR; };
		97D0B1B8176B7A1B00B89CD6 /* SenTestingKit.framework */ = {isa = PBXFileReference; lastKnownFileType = wrapper.framework; name = SenTestingKit.framework; path = Library/Frameworks/SenTestingKit.framework; sourceTree = DEVELOPER_DIR; };
		97D0B1C0176B7A1B00B89CD6 /* KTCVenmoTests-Info.plist */ = {isa = PBXFileReference; lastKnownFileType = text.plist.xml; path = "KTCVenmoTests-Info.plist"; sourceTree = "<group>"; };
		97D0B1C2176B7A1B00B89CD6 /* en */ = {isa = PBXFileReference; lastKnownFileType = text.plist.strings; name = en; path = en.lproj/InfoPlist.strings; sourceTree = "<group>"; };
		97D0B1C4176B7A1B00B89CD6 /* KTCVenmoTests.h */ = {isa = PBXFileReference; lastKnownFileType = sourcecode.c.h; path = KTCVenmoTests.h; sourceTree = "<group>"; };
		97D0B1C5176B7A1B00B89CD6 /* KTCVenmoTests.m */ = {isa = PBXFileReference; lastKnownFileType = sourcecode.c.objc; path = KTCVenmoTests.m; sourceTree = "<group>"; };
		97D0B1D2176B7E7900B89CD6 /* MainViewController.h */ = {isa = PBXFileReference; fileEncoding = 4; lastKnownFileType = sourcecode.c.h; path = MainViewController.h; sourceTree = "<group>"; };
		97D0B1D3176B7E7900B89CD6 /* MainViewController.m */ = {isa = PBXFileReference; fileEncoding = 4; lastKnownFileType = sourcecode.c.objc; path = MainViewController.m; sourceTree = "<group>"; };
		97D0B1D5176B7FB100B89CD6 /* EnterNumberViewController.h */ = {isa = PBXFileReference; fileEncoding = 4; lastKnownFileType = sourcecode.c.h; path = EnterNumberViewController.h; sourceTree = "<group>"; };
		97D0B1D6176B7FB100B89CD6 /* EnterNumberViewController.m */ = {isa = PBXFileReference; fileEncoding = 4; lastKnownFileType = sourcecode.c.objc; path = EnterNumberViewController.m; sourceTree = "<group>"; };
		97D0B1DB176B8EF500B89CD6 /* QuartzCore.framework */ = {isa = PBXFileReference; lastKnownFileType = wrapper.framework; name = QuartzCore.framework; path = System/Library/Frameworks/QuartzCore.framework; sourceTree = SDKROOT; };
		97D0B1DE176B8F7900B89CD6 /* IISideController.h */ = {isa = PBXFileReference; fileEncoding = 4; lastKnownFileType = sourcecode.c.h; path = IISideController.h; sourceTree = "<group>"; };
		97D0B1DF176B8F7900B89CD6 /* IISideController.m */ = {isa = PBXFileReference; fileEncoding = 4; lastKnownFileType = sourcecode.c.objc; path = IISideController.m; sourceTree = "<group>"; };
		97D0B1E0176B8F7900B89CD6 /* IIViewDeckController.h */ = {isa = PBXFileReference; fileEncoding = 4; lastKnownFileType = sourcecode.c.h; path = IIViewDeckController.h; sourceTree = "<group>"; };
		97D0B1E1176B8F7900B89CD6 /* IIViewDeckController.m */ = {isa = PBXFileReference; fileEncoding = 4; lastKnownFileType = sourcecode.c.objc; path = IIViewDeckController.m; sourceTree = "<group>"; };
		97D0B1E2176B8F7900B89CD6 /* IIWrapController.h */ = {isa = PBXFileReference; fileEncoding = 4; lastKnownFileType = sourcecode.c.h; path = IIWrapController.h; sourceTree = "<group>"; };
		97D0B1E3176B8F7900B89CD6 /* IIWrapController.m */ = {isa = PBXFileReference; fileEncoding = 4; lastKnownFileType = sourcecode.c.objc; path = IIWrapController.m; sourceTree = "<group>"; };
		97D0B1E7176B9E5500B89CD6 /* SettingsViewController.h */ = {isa = PBXFileReference; fileEncoding = 4; lastKnownFileType = sourcecode.c.h; path = SettingsViewController.h; sourceTree = "<group>"; };
		97D0B1E8176B9E5500B89CD6 /* SettingsViewController.m */ = {isa = PBXFileReference; fileEncoding = 4; lastKnownFileType = sourcecode.c.objc; path = SettingsViewController.m; sourceTree = "<group>"; };
		97D0B1EA176BBF9400B89CD6 /* Security.framework */ = {isa = PBXFileReference; lastKnownFileType = wrapper.framework; name = Security.framework; path = System/Library/Frameworks/Security.framework; sourceTree = SDKROOT; };
/* End PBXFileReference section */

/* Begin PBXFrameworksBuildPhase section */
		97D0B18E176B7A1B00B89CD6 /* Frameworks */ = {
			isa = PBXFrameworksBuildPhase;
			buildActionMask = 2147483647;
			files = (
				97B506F2177E1F0400C94096 /* Accounts.framework in Frameworks */,
				97D0B197176B7A1B00B89CD6 /* Foundation.framework in Frameworks */,
				97B506F0177E1CC400C94096 /* Social.framework in Frameworks */,
				97D0B195176B7A1B00B89CD6 /* UIKit.framework in Frameworks */,
				97B506EE177E1CB300C94096 /* AdSupport.framework in Frameworks */,
				97B506E6177E1A7D00C94096 /* CoreGraphics.framework in Frameworks */,
				97B506E0177E19B700C94096 /* libsqlite3.0.dylib in Frameworks */,
				97B506DE177E191E00C94096 /* SystemConfiguration.framework in Frameworks */,
				97B506DC177E191700C94096 /* StoreKit.framework in Frameworks */,
				97D0B1EB176BBF9400B89CD6 /* Security.framework in Frameworks */,
				97D0B1DC176B8EF500B89CD6 /* QuartzCore.framework in Frameworks */,
				97B506DA177E18FE00C94096 /* MobileCoreServices.framework in Frameworks */,
				97B506D8177E18F700C94096 /* libz.1.1.3.dylib in Frameworks */,
				97B506D6177E18EF00C94096 /* CoreLocation.framework in Frameworks */,
				97B506D4177E18E100C94096 /* CFNetwork.framework in Frameworks */,
				97B506D2177E18DB00C94096 /* AudioToolbox.framework in Frameworks */,
				9751842D1774C7A600FC860E /* libVenmo.a in Frameworks */,
				97B506CD177E18C000C94096 /* Parse.framework in Frameworks */,
				97B506EA177E1C5B00C94096 /* FacebookSDK.framework in Frameworks */,
			);
			runOnlyForDeploymentPostprocessing = 0;
		};
		97D0B1B3176B7A1B00B89CD6 /* Frameworks */ = {
			isa = PBXFrameworksBuildPhase;
			buildActionMask = 2147483647;
			files = (
				97D0B1B9176B7A1B00B89CD6 /* SenTestingKit.framework in Frameworks */,
				97D0B1BA176B7A1B00B89CD6 /* UIKit.framework in Frameworks */,
				97D0B1BB176B7A1B00B89CD6 /* Foundation.framework in Frameworks */,
			);
			runOnlyForDeploymentPostprocessing = 0;
		};
/* End PBXFrameworksBuildPhase section */

/* Begin PBXGroup section */
		975183C01774C24000FC860E /* Libraries */ = {
			isa = PBXGroup;
			children = (
				975183EA1774C24000FC860E /* Venmo.xcodeproj */,
				975183C11774C24000FC860E /* Venmo */,
			);
			path = Libraries;
			sourceTree = "<group>";
		};
		975183C11774C24000FC860E /* Venmo */ = {
			isa = PBXGroup;
			children = (
				975183C21774C24000FC860E /* .gitignore */,
				975183C31774C24000FC860E /* .gitmodules */,
				975183C41774C24000FC860E /* Libraries */,
				975183C71774C24000FC860E /* README.md */,
				975183C81774C24000FC860E /* Venmo */,
				975183EE1774C24000FC860E /* VenmoApp */,
				975183F71774C24000FC860E /* VenmoSpecs */,
			);
			path = Venmo;
			sourceTree = "<group>";
		};
		975183C41774C24000FC860E /* Libraries */ = {
			isa = PBXGroup;
			children = (
				975183C51774C24000FC860E /* JSONKit */,
				975183C61774C24000FC860E /* Kiwi */,
			);
			path = Libraries;
			sourceTree = "<group>";
		};
		975183C51774C24000FC860E /* JSONKit */ = {
			isa = PBXGroup;
			children = (
			);
			path = JSONKit;
			sourceTree = "<group>";
		};
		975183C61774C24000FC860E /* Kiwi */ = {
			isa = PBXGroup;
			children = (
			);
			path = Kiwi;
			sourceTree = "<group>";
		};
		975183C81774C24000FC860E /* Venmo */ = {
			isa = PBXGroup;
			children = (
				975183C91774C24000FC860E /* Private */,
				975183DF1774C24000FC860E /* Supporting Files */,
				975183E11774C24000FC860E /* Venmo.h */,
				975183E21774C24000FC860E /* VenmoClient.h */,
				975183E31774C24000FC860E /* VenmoClient.m */,
				975183E41774C24000FC860E /* VenmoErrors.h */,
				975183E51774C24000FC860E /* VenmoErrors.m */,
				975183E61774C24000FC860E /* VenmoTransaction.h */,
				975183E71774C24000FC860E /* VenmoTransaction.m */,
				975183E81774C24000FC860E /* VenmoViewController.h */,
				975183E91774C24000FC860E /* VenmoViewController.m */,
			);
			path = Venmo;
			sourceTree = "<group>";
		};
		975183C91774C24000FC860E /* Private */ = {
			isa = PBXGroup;
			children = (
				975183CA1774C24000FC860E /* NSBundle+Venmo.h */,
				975183CB1774C24000FC860E /* NSBundle+Venmo.m */,
				975183CC1774C24000FC860E /* NSDictionary+Venmo.h */,
				975183CD1774C24000FC860E /* NSDictionary+Venmo.m */,
				975183CE1774C24000FC860E /* NSError+Venmo.h */,
				975183CF1774C24000FC860E /* NSError+Venmo.m */,
				975183D01774C24000FC860E /* NSString+Venmo.h */,
				975183D11774C24000FC860E /* NSString+Venmo.m */,
				975183D21774C24000FC860E /* NSURL+Venmo.h */,
				975183D31774C24000FC860E /* NSURL+Venmo.m */,
				975183D41774C24000FC860E /* VenmoActivityView.m */,
				975183D51774C24000FC860E /* VenmoActivityView_Internal.h */,
				975183D61774C24000FC860E /* VenmoBase64.m */,
				975183D71774C24000FC860E /* VenmoBase64_Internal.h */,
				975183D81774C24000FC860E /* VenmoClient_Internal.h */,
				975183D91774C24000FC860E /* VenmoClient_Private.h */,
				975183DA1774C24000FC860E /* VenmoDefines_Internal.h */,
				975183DB1774C24000FC860E /* VenmoHMAC_SHA256.m */,
				975183DC1774C24000FC860E /* VenmoHMAC_SHA256_Internal.h */,
				975183DD1774C24000FC860E /* VenmoTransaction_Internal.h */,
				975183DE1774C24000FC860E /* VenmoViewController_Internal.h */,
			);
			path = Private;
			sourceTree = "<group>";
		};
		975183DF1774C24000FC860E /* Supporting Files */ = {
			isa = PBXGroup;
			children = (
				975183E01774C24000FC860E /* Venmo-Prefix.pch */,
			);
			path = "Supporting Files";
			sourceTree = "<group>";
		};
		975183EE1774C24000FC860E /* VenmoApp */ = {
			isa = PBXGroup;
			children = (
				975183EF1774C24000FC860E /* AppDelegate.h */,
				975183F01774C24000FC860E /* AppDelegate.m */,
				975183F11774C24000FC860E /* Supporting Files */,
				975183F51774C24000FC860E /* WelcomeViewController.h */,
				975183F61774C24000FC860E /* WelcomeViewController.m */,
			);
			path = VenmoApp;
			sourceTree = "<group>";
		};
		975183F11774C24000FC860E /* Supporting Files */ = {
			isa = PBXGroup;
			children = (
				975183F21774C24000FC860E /* main.m */,
				975183F31774C24000FC860E /* VenmoApp-Info.plist */,
				975183F41774C24000FC860E /* VenmoApp-Prefix.pch */,
			);
			path = "Supporting Files";
			sourceTree = "<group>";
		};
		975183F71774C24000FC860E /* VenmoSpecs */ = {
			isa = PBXGroup;
			children = (
				975183F81774C24000FC860E /* NSDictionarySpecs.m */,
				975183F91774C24000FC860E /* NSStringSpecs.m */,
				975183FA1774C24000FC860E /* Supporting Files */,
				975183FF1774C24000FC860E /* VenmoBase64Specs.m */,
				975184001774C24000FC860E /* VenmoClientSpecs.m */,
				975184011774C24000FC860E /* VenmoTransactionSpecs.m */,
				975184021774C24000FC860E /* VenmoViewControllerSpecs.m */,
			);
			path = VenmoSpecs;
			sourceTree = "<group>";
		};
		975183FA1774C24000FC860E /* Supporting Files */ = {
			isa = PBXGroup;
			children = (
				975183FB1774C24000FC860E /* NSInvocation+SpecMethodPrefix.m */,
				975183FC1774C24000FC860E /* VenmoSpecs-Prefix.pch */,
				975183FD1774C24000FC860E /* VenmoSpecs.h */,
				975183FE1774C24000FC860E /* VenmoSpecsSpecs.m */,
			);
			path = "Supporting Files";
			sourceTree = "<group>";
		};
		97B506AC177BA03500C94096 /* Products */ = {
			isa = PBXGroup;
			children = (
				97B506B2177BA03500C94096 /* libVenmo.a */,
				97B506B4177BA03500C94096 /* VenmoApp.app */,
				97B506B6177BA03500C94096 /* VenmoSpecs.octest */,
			);
			name = Products;
			sourceTree = "<group>";
		};
		97D0B188176B7A1B00B89CD6 = {
			isa = PBXGroup;
			children = (
				97B506F1177E1F0400C94096 /* Accounts.framework */,
				97B506EF177E1CC400C94096 /* Social.framework */,
				97B506ED177E1CB300C94096 /* AdSupport.framework */,
				97B506E7177E1C1900C94096 /* facebook-ios-sdk-3.5.3.pkg */,
				97B506DF177E19B700C94096 /* libsqlite3.0.dylib */,
				97B506DD177E191E00C94096 /* SystemConfiguration.framework */,
				97B506DB177E191700C94096 /* StoreKit.framework */,
				97B506D9177E18FE00C94096 /* MobileCoreServices.framework */,
				97B506D7177E18F700C94096 /* libz.1.1.3.dylib */,
				97B506D5177E18EF00C94096 /* CoreLocation.framework */,
				97B506D3177E18E100C94096 /* CFNetwork.framework */,
				97B506D1177E18DB00C94096 /* AudioToolbox.framework */,
				9751842C1774C7A600FC860E /* libVenmo.a */,
				975183C01774C24000FC860E /* Libraries */,
				97D0B19A176B7A1B00B89CD6 /* KTCVenmo */,
				97D0B1BE176B7A1B00B89CD6 /* KTCVenmoTests */,
				97D0B193176B7A1B00B89CD6 /* Frameworks */,
				97D0B192176B7A1B00B89CD6 /* Products */,
			);
			sourceTree = "<group>";
		};
		97D0B192176B7A1B00B89CD6 /* Products */ = {
			isa = PBXGroup;
			children = (
				97D0B191176B7A1B00B89CD6 /* KTCVenmo.app */,
				97D0B1B7176B7A1B00B89CD6 /* KTCVenmoTests.octest */,
			);
			name = Products;
			sourceTree = "<group>";
		};
		97D0B193176B7A1B00B89CD6 /* Frameworks */ = {
			isa = PBXGroup;
			children = (
				97B506EB177E1C8400C94096 /* FacebookSDKResources.bundle */,
				97B506E9177E1C5B00C94096 /* FacebookSDK.framework */,
				97B506CC177E18C000C94096 /* Parse.framework */,
				97D0B1EA176BBF9400B89CD6 /* Security.framework */,
				97D0B1DB176B8EF500B89CD6 /* QuartzCore.framework */,
				97D0B194176B7A1B00B89CD6 /* UIKit.framework */,
				97D0B196176B7A1B00B89CD6 /* Foundation.framework */,
				97D0B198176B7A1B00B89CD6 /* CoreGraphics.framework */,
				97D0B1B8176B7A1B00B89CD6 /* SenTestingKit.framework */,
			);
			name = Frameworks;
			sourceTree = "<group>";
		};
		97D0B19A176B7A1B00B89CD6 /* KTCVenmo */ = {
			isa = PBXGroup;
			children = (
				97D0B1DD176B8F7800B89CD6 /* ViewDeck */,
				97D0B1A3176B7A1B00B89CD6 /* AppDelegate.h */,
				97D0B1A4176B7A1B00B89CD6 /* AppDelegate.m */,
				975184341774CAB500FC860E /* KTCVenmoClient.h */,
				975184351774CAB500FC860E /* KTCVenmoClient.m */,
				97D0B1AC176B7A1B00B89CD6 /* MainStoryboard.storyboard */,
				97D0B1D5176B7FB100B89CD6 /* EnterNumberViewController.h */,
				97D0B1D6176B7FB100B89CD6 /* EnterNumberViewController.m */,
				97D0B1D2176B7E7900B89CD6 /* MainViewController.h */,
				97D0B1D3176B7E7900B89CD6 /* MainViewController.m */,
				97D0B1AF176B7A1B00B89CD6 /* TutorialViewController.h */,
				97D0B1B0176B7A1B00B89CD6 /* TutorialViewController.m */,
				97D0B19B176B7A1B00B89CD6 /* Supporting Files */,
				97D0B1E8176B9E5500B89CD6 /* SettingsViewController.m */,
				97D0B1E7176B9E5500B89CD6 /* SettingsViewController.h */,
			);
			path = KTCVenmo;
			sourceTree = "<group>";
		};
		97D0B19B176B7A1B00B89CD6 /* Supporting Files */ = {
			isa = PBXGroup;
			children = (
				97D0B19C176B7A1B00B89CD6 /* KTCVenmo-Info.plist */,
				97D0B19D176B7A1B00B89CD6 /* InfoPlist.strings */,
				97D0B1A0176B7A1B00B89CD6 /* main.m */,
				97D0B1A2176B7A1B00B89CD6 /* KTCVenmo-Prefix.pch */,
				97D0B1A6176B7A1B00B89CD6 /* Default.png */,
				97D0B1A8176B7A1B00B89CD6 /* Default@2x.png */,
				97D0B1AA176B7A1B00B89CD6 /* Default-568h@2x.png */,
			);
			name = "Supporting Files";
			sourceTree = "<group>";
		};
		97D0B1BE176B7A1B00B89CD6 /* KTCVenmoTests */ = {
			isa = PBXGroup;
			children = (
				97D0B1C4176B7A1B00B89CD6 /* KTCVenmoTests.h */,
				97D0B1C5176B7A1B00B89CD6 /* KTCVenmoTests.m */,
				97D0B1BF176B7A1B00B89CD6 /* Supporting Files */,
			);
			path = KTCVenmoTests;
			sourceTree = "<group>";
		};
		97D0B1BF176B7A1B00B89CD6 /* Supporting Files */ = {
			isa = PBXGroup;
			children = (
				97D0B1C0176B7A1B00B89CD6 /* KTCVenmoTests-Info.plist */,
				97D0B1C1176B7A1B00B89CD6 /* InfoPlist.strings */,
			);
			name = "Supporting Files";
			sourceTree = "<group>";
		};
		97D0B1DD176B8F7800B89CD6 /* ViewDeck */ = {
			isa = PBXGroup;
			children = (
				97D0B1DE176B8F7900B89CD6 /* IISideController.h */,
				97D0B1DF176B8F7900B89CD6 /* IISideController.m */,
				97D0B1E0176B8F7900B89CD6 /* IIViewDeckController.h */,
				97D0B1E1176B8F7900B89CD6 /* IIViewDeckController.m */,
				97D0B1E2176B8F7900B89CD6 /* IIWrapController.h */,
				97D0B1E3176B8F7900B89CD6 /* IIWrapController.m */,
			);
			path = ViewDeck;
			sourceTree = "<group>";
		};
/* End PBXGroup section */

/* Begin PBXNativeTarget section */
		97D0B190176B7A1B00B89CD6 /* KTCVenmo */ = {
			isa = PBXNativeTarget;
			buildConfigurationList = 97D0B1C9176B7A1B00B89CD6 /* Build configuration list for PBXNativeTarget "KTCVenmo" */;
			buildPhases = (
				97D0B18D176B7A1B00B89CD6 /* Sources */,
				97D0B18E176B7A1B00B89CD6 /* Frameworks */,
				97D0B18F176B7A1B00B89CD6 /* Resources */,
			);
			buildRules = (
			);
			dependencies = (
			);
			name = KTCVenmo;
			productName = KTCVenmo;
			productReference = 97D0B191176B7A1B00B89CD6 /* KTCVenmo.app */;
			productType = "com.apple.product-type.application";
		};
		97D0B1B6176B7A1B00B89CD6 /* KTCVenmoTests */ = {
			isa = PBXNativeTarget;
			buildConfigurationList = 97D0B1CC176B7A1B00B89CD6 /* Build configuration list for PBXNativeTarget "KTCVenmoTests" */;
			buildPhases = (
				97D0B1B2176B7A1B00B89CD6 /* Sources */,
				97D0B1B3176B7A1B00B89CD6 /* Frameworks */,
				97D0B1B4176B7A1B00B89CD6 /* Resources */,
				97D0B1B5176B7A1B00B89CD6 /* ShellScript */,
			);
			buildRules = (
			);
			dependencies = (
				97D0B1BD176B7A1B00B89CD6 /* PBXTargetDependency */,
			);
			name = KTCVenmoTests;
			productName = KTCVenmoTests;
			productReference = 97D0B1B7176B7A1B00B89CD6 /* KTCVenmoTests.octest */;
			productType = "com.apple.product-type.bundle";
		};
/* End PBXNativeTarget section */

/* Begin PBXProject section */
		97D0B189176B7A1B00B89CD6 /* Project object */ = {
			isa = PBXProject;
			attributes = {
				LastUpgradeCheck = 0460;
				ORGANIZATIONNAME = "Nuseir Yassin";
			};
			buildConfigurationList = 97D0B18C176B7A1B00B89CD6 /* Build configuration list for PBXProject "KTCVenmo" */;
			compatibilityVersion = "Xcode 3.2";
			developmentRegion = English;
			hasScannedForEncodings = 0;
			knownRegions = (
				en,
			);
			mainGroup = 97D0B188176B7A1B00B89CD6;
			productRefGroup = 97D0B192176B7A1B00B89CD6 /* Products */;
			projectDirPath = "";
			projectReferences = (
				{
					ProductGroup = 97B506AC177BA03500C94096 /* Products */;
					ProjectRef = 975183EA1774C24000FC860E /* Venmo.xcodeproj */;
				},
			);
			projectRoot = "";
			targets = (
				97D0B190176B7A1B00B89CD6 /* KTCVenmo */,
				97D0B1B6176B7A1B00B89CD6 /* KTCVenmoTests */,
			);
		};
/* End PBXProject section */

/* Begin PBXReferenceProxy section */
		97B506B2177BA03500C94096 /* libVenmo.a */ = {
			isa = PBXReferenceProxy;
			fileType = archive.ar;
			path = libVenmo.a;
			remoteRef = 97B506B1177BA03500C94096 /* PBXContainerItemProxy */;
			sourceTree = BUILT_PRODUCTS_DIR;
		};
		97B506B4177BA03500C94096 /* VenmoApp.app */ = {
			isa = PBXReferenceProxy;
			fileType = wrapper.application;
			path = VenmoApp.app;
			remoteRef = 97B506B3177BA03500C94096 /* PBXContainerItemProxy */;
			sourceTree = BUILT_PRODUCTS_DIR;
		};
		97B506B6177BA03500C94096 /* VenmoSpecs.octest */ = {
			isa = PBXReferenceProxy;
			fileType = wrapper.cfbundle;
			path = VenmoSpecs.octest;
			remoteRef = 97B506B5177BA03500C94096 /* PBXContainerItemProxy */;
			sourceTree = BUILT_PRODUCTS_DIR;
		};
/* End PBXReferenceProxy section */

/* Begin PBXResourcesBuildPhase section */
		97D0B18F176B7A1B00B89CD6 /* Resources */ = {
			isa = PBXResourcesBuildPhase;
			buildActionMask = 2147483647;
			files = (
				97D0B19F176B7A1B00B89CD6 /* InfoPlist.strings in Resources */,
				97D0B1A7176B7A1B00B89CD6 /* Default.png in Resources */,
				97D0B1A9176B7A1B00B89CD6 /* Default@2x.png in Resources */,
				97D0B1AB176B7A1B00B89CD6 /* Default-568h@2x.png in Resources */,
				97D0B1AE176B7A1B00B89CD6 /* MainStoryboard.storyboard in Resources */,
				975184031774C24000FC860E /* .gitignore in Resources */,
				975184041774C24000FC860E /* .gitmodules in Resources */,
				975184051774C24000FC860E /* README.md in Resources */,
				975184141774C24000FC860E /* VenmoApp-Info.plist in Resources */,
				97B506EC177E1C8400C94096 /* FacebookSDKResources.bundle in Resources */,
			);
			runOnlyForDeploymentPostprocessing = 0;
		};
		97D0B1B4176B7A1B00B89CD6 /* Resources */ = {
			isa = PBXResourcesBuildPhase;
			buildActionMask = 2147483647;
			files = (
				97D0B1C3176B7A1B00B89CD6 /* InfoPlist.strings in Resources */,
			);
			runOnlyForDeploymentPostprocessing = 0;
		};
/* End PBXResourcesBuildPhase section */

/* Begin PBXShellScriptBuildPhase section */
		97D0B1B5176B7A1B00B89CD6 /* ShellScript */ = {
			isa = PBXShellScriptBuildPhase;
			buildActionMask = 2147483647;
			files = (
			);
			inputPaths = (
			);
			outputPaths = (
			);
			runOnlyForDeploymentPostprocessing = 0;
			shellPath = /bin/sh;
			shellScript = "# Run the unit tests in this test bundle.\n\"${SYSTEM_DEVELOPER_DIR}/Tools/RunUnitTests\"\n";
		};
/* End PBXShellScriptBuildPhase section */

/* Begin PBXSourcesBuildPhase section */
		97D0B18D176B7A1B00B89CD6 /* Sources */ = {
			isa = PBXSourcesBuildPhase;
			buildActionMask = 2147483647;
			files = (
				97D0B1A1176B7A1B00B89CD6 /* main.m in Sources */,
				97D0B1A5176B7A1B00B89CD6 /* AppDelegate.m in Sources */,
				97D0B1B1176B7A1B00B89CD6 /* TutorialViewController.m in Sources */,
				97D0B1D4176B7E7900B89CD6 /* MainViewController.m in Sources */,
				97D0B1D7176B7FB100B89CD6 /* EnterNumberViewController.m in Sources */,
				97D0B1E4176B8F7900B89CD6 /* IISideController.m in Sources */,
				97D0B1E5176B8F7900B89CD6 /* IIViewDeckController.m in Sources */,
				97D0B1E6176B8F7900B89CD6 /* IIWrapController.m in Sources */,
				97D0B1E9176B9E5500B89CD6 /* SettingsViewController.m in Sources */,
				975184361774CAB500FC860E /* KTCVenmoClient.m in Sources */,
			);
			runOnlyForDeploymentPostprocessing = 0;
		};
		97D0B1B2176B7A1B00B89CD6 /* Sources */ = {
			isa = PBXSourcesBuildPhase;
			buildActionMask = 2147483647;
			files = (
				97D0B1C6176B7A1B00B89CD6 /* KTCVenmoTests.m in Sources */,
			);
			runOnlyForDeploymentPostprocessing = 0;
		};
/* End PBXSourcesBuildPhase section */

/* Begin PBXTargetDependency section */
		97D0B1BD176B7A1B00B89CD6 /* PBXTargetDependency */ = {
			isa = PBXTargetDependency;
			target = 97D0B190176B7A1B00B89CD6 /* KTCVenmo */;
			targetProxy = 97D0B1BC176B7A1B00B89CD6 /* PBXContainerItemProxy */;
		};
/* End PBXTargetDependency section */

/* Begin PBXVariantGroup section */
		97D0B19D176B7A1B00B89CD6 /* InfoPlist.strings */ = {
			isa = PBXVariantGroup;
			children = (
				97D0B19E176B7A1B00B89CD6 /* en */,
			);
			name = InfoPlist.strings;
			sourceTree = "<group>";
		};
		97D0B1AC176B7A1B00B89CD6 /* MainStoryboard.storyboard */ = {
			isa = PBXVariantGroup;
			children = (
				97D0B1AD176B7A1B00B89CD6 /* en */,
			);
			name = MainStoryboard.storyboard;
			sourceTree = "<group>";
		};
		97D0B1C1176B7A1B00B89CD6 /* InfoPlist.strings */ = {
			isa = PBXVariantGroup;
			children = (
				97D0B1C2176B7A1B00B89CD6 /* en */,
			);
			name = InfoPlist.strings;
			sourceTree = "<group>";
		};
/* End PBXVariantGroup section */

/* Begin XCBuildConfiguration section */
		97D0B1C7176B7A1B00B89CD6 /* Debug */ = {
			isa = XCBuildConfiguration;
			buildSettings = {
				ALWAYS_SEARCH_USER_PATHS = NO;
				CLANG_CXX_LANGUAGE_STANDARD = "gnu++0x";
				CLANG_CXX_LIBRARY = "libc++";
				CLANG_ENABLE_OBJC_ARC = YES;
				CLANG_WARN_CONSTANT_CONVERSION = YES;
				CLANG_WARN_EMPTY_BODY = YES;
				CLANG_WARN_ENUM_CONVERSION = YES;
				CLANG_WARN_INT_CONVERSION = YES;
				CLANG_WARN__DUPLICATE_METHOD_MATCH = YES;
				"CODE_SIGN_IDENTITY[sdk=iphoneos*]" = "iPhone Developer";
				COPY_PHASE_STRIP = NO;
				GCC_C_LANGUAGE_STANDARD = gnu99;
				GCC_DYNAMIC_NO_PIC = NO;
				GCC_OPTIMIZATION_LEVEL = 0;
				GCC_PREPROCESSOR_DEFINITIONS = (
					"DEBUG=1",
					"$(inherited)",
				);
				GCC_SYMBOLS_PRIVATE_EXTERN = NO;
				GCC_WARN_ABOUT_RETURN_TYPE = YES;
				GCC_WARN_UNINITIALIZED_AUTOS = YES;
				GCC_WARN_UNUSED_VARIABLE = YES;
				IPHONEOS_DEPLOYMENT_TARGET = 6.1;
				ONLY_ACTIVE_ARCH = YES;
				SDKROOT = iphoneos;
			};
			name = Debug;
		};
		97D0B1C8176B7A1B00B89CD6 /* Release */ = {
			isa = XCBuildConfiguration;
			buildSettings = {
				ALWAYS_SEARCH_USER_PATHS = NO;
				CLANG_CXX_LANGUAGE_STANDARD = "gnu++0x";
				CLANG_CXX_LIBRARY = "libc++";
				CLANG_ENABLE_OBJC_ARC = YES;
				CLANG_WARN_CONSTANT_CONVERSION = YES;
				CLANG_WARN_EMPTY_BODY = YES;
				CLANG_WARN_ENUM_CONVERSION = YES;
				CLANG_WARN_INT_CONVERSION = YES;
				CLANG_WARN__DUPLICATE_METHOD_MATCH = YES;
				"CODE_SIGN_IDENTITY[sdk=iphoneos*]" = "iPhone Developer";
				COPY_PHASE_STRIP = YES;
				GCC_C_LANGUAGE_STANDARD = gnu99;
				GCC_WARN_ABOUT_RETURN_TYPE = YES;
				GCC_WARN_UNINITIALIZED_AUTOS = YES;
				GCC_WARN_UNUSED_VARIABLE = YES;
				IPHONEOS_DEPLOYMENT_TARGET = 6.1;
				OTHER_CFLAGS = "-DNS_BLOCK_ASSERTIONS=1";
				SDKROOT = iphoneos;
				VALIDATE_PRODUCT = YES;
			};
			name = Release;
		};
		97D0B1CA176B7A1B00B89CD6 /* Debug */ = {
			isa = XCBuildConfiguration;
			buildSettings = {
				FRAMEWORK_SEARCH_PATHS = (
					"$(inherited)",
					"\"$(SRCROOT)\"",
					"\"$(SRCROOT)/../FacebookSDK\"",
				);
				GCC_PRECOMPILE_PREFIX_HEADER = YES;
				GCC_PREFIX_HEADER = "KTCVenmo/KTCVenmo-Prefix.pch";
				HEADER_SEARCH_PATHS = Libraries/Venmo;
				INFOPLIST_FILE = "KTCVenmo/KTCVenmo-Info.plist";
				LIBRARY_SEARCH_PATHS = (
					"$(inherited)",
					"\"$(SRCROOT)/../../Library/Developer/Xcode/DerivedData/KTCVenmo-djhvdnlqlwmckueqlmilcczdgqel/Build/Products/Debug-iphoneos\"",
				);
				OTHER_LDFLAGS = (
					"-ObjC",
					"-force_load",
					"${BUILT_PRODUCTS_DIR}/libVenmo.a",
				);
				PRODUCT_NAME = "$(TARGET_NAME)";
				WRAPPER_EXTENSION = app;
			};
			name = Debug;
		};
		97D0B1CB176B7A1B00B89CD6 /* Release */ = {
			isa = XCBuildConfiguration;
			buildSettings = {
				FRAMEWORK_SEARCH_PATHS = (
					"$(inherited)",
					"\"$(SRCROOT)\"",
					"\"$(SRCROOT)/../FacebookSDK\"",
				);
				GCC_PRECOMPILE_PREFIX_HEADER = YES;
				GCC_PREFIX_HEADER = "KTCVenmo/KTCVenmo-Prefix.pch";
				HEADER_SEARCH_PATHS = Libraries/Venmo;
				INFOPLIST_FILE = "KTCVenmo/KTCVenmo-Info.plist";
				LIBRARY_SEARCH_PATHS = (
					"$(inherited)",
					"\"$(SRCROOT)/../../Library/Developer/Xcode/DerivedData/KTCVenmo-djhvdnlqlwmckueqlmilcczdgqel/Build/Products/Debug-iphoneos\"",
				);
				OTHER_LDFLAGS = (
					"-ObjC",
					"-force_load",
					"${BUILT_PRODUCTS_DIR}/libVenmo.a",
				);
				PRODUCT_NAME = "$(TARGET_NAME)";
				WRAPPER_EXTENSION = app;
			};
			name = Release;
		};
		97D0B1CD176B7A1B00B89CD6 /* Debug */ = {
			isa = XCBuildConfiguration;
			buildSettings = {
				BUNDLE_LOADER = "$(BUILT_PRODUCTS_DIR)/KTCVenmo.app/KTCVenmo";
				FRAMEWORK_SEARCH_PATHS = (
					"\"$(SDKROOT)/Developer/Library/Frameworks\"",
					"\"$(DEVELOPER_LIBRARY_DIR)/Frameworks\"",
				);
				GCC_PRECOMPILE_PREFIX_HEADER = YES;
				GCC_PREFIX_HEADER = "KTCVenmo/KTCVenmo-Prefix.pch";
				INFOPLIST_FILE = "KTCVenmoTests/KTCVenmoTests-Info.plist";
				PRODUCT_NAME = "$(TARGET_NAME)";
				TEST_HOST = "$(BUNDLE_LOADER)";
				WRAPPER_EXTENSION = octest;
			};
			name = Debug;
		};
		97D0B1CE176B7A1B00B89CD6 /* Release */ = {
			isa = XCBuildConfiguration;
			buildSettings = {
				BUNDLE_LOADER = "$(BUILT_PRODUCTS_DIR)/KTCVenmo.app/KTCVenmo";
				FRAMEWORK_SEARCH_PATHS = (
					"\"$(SDKROOT)/Developer/Library/Frameworks\"",
					"\"$(DEVELOPER_LIBRARY_DIR)/Frameworks\"",
				);
				GCC_PRECOMPILE_PREFIX_HEADER = YES;
				GCC_PREFIX_HEADER = "KTCVenmo/KTCVenmo-Prefix.pch";
				INFOPLIST_FILE = "KTCVenmoTests/KTCVenmoTests-Info.plist";
				PRODUCT_NAME = "$(TARGET_NAME)";
				TEST_HOST = "$(BUNDLE_LOADER)";
				WRAPPER_EXTENSION = octest;
			};
			name = Release;
		};
/* End XCBuildConfiguration section */

/* Begin XCConfigurationList section */
		97D0B18C176B7A1B00B89CD6 /* Build configuration list for PBXProject "KTCVenmo" */ = {
			isa = XCConfigurationList;
			buildConfigurations = (
				97D0B1C7176B7A1B00B89CD6 /* Debug */,
				97D0B1C8176B7A1B00B89CD6 /* Release */,
			);
			defaultConfigurationIsVisible = 0;
			defaultConfigurationName = Release;
		};
		97D0B1C9176B7A1B00B89CD6 /* Build configuration list for PBXNativeTarget "KTCVenmo" */ = {
			isa = XCConfigurationList;
			buildConfigurations = (
				97D0B1CA176B7A1B00B89CD6 /* Debug */,
				97D0B1CB176B7A1B00B89CD6 /* Release */,
			);
			defaultConfigurationIsVisible = 0;
			defaultConfigurationName = Release;
		};
		97D0B1CC176B7A1B00B89CD6 /* Build configuration list for PBXNativeTarget "KTCVenmoTests" */ = {
			isa = XCConfigurationList;
			buildConfigurations = (
				97D0B1CD176B7A1B00B89CD6 /* Debug */,
				97D0B1CE176B7A1B00B89CD6 /* Release */,
			);
			defaultConfigurationIsVisible = 0;
			defaultConfigurationName = Release;
		};
/* End XCConfigurationList section */
	};
	rootObject = 97D0B189176B7A1B00B89CD6 /* Project object */;
}
